
Microsoft Visual Studio Solution File, Format Version 12.00
# Visual Studio Version 17
VisualStudioVersion = 17.5.002.0
MinimumVisualStudioVersion = 10.0.40219.1
Project("{9A19103F-16F7-4668-BE54-9A1E7A4F7556}") = "DesafioFundamentos", "DesafioFundamentos\DesafioFundamentos.csproj", "{816F62EB-5D01-4587-8012-EBED949447EB}"
EndProject
Global
	GlobalSection(SolutionConfigurationPlatforms) = preSolution
		Debug|Any CPU = Debug|Any CPU
		Release|Any CPU = Release|Any CPU
	EndGlobalSection
	GlobalSection(ProjectConfigurationPlatforms) = postSolution
		{816F62EB-5D01-4587-8012-EBED949447EB}.Debug|Any CPU.ActiveCfg = Debug|Any CPU
		{816F62EB-5D01-4587-8012-EBED949447EB}.Debug|Any CPU.Build.0 = Debug|Any CPU
		{816F62EB-5D01-4587-8012-EBED949447EB}.Release|Any CPU.ActiveCfg = Release|Any CPU
		{816F62EB-5D01-4587-8012-EBED949447EB}.Release|Any CPU.Build.0 = Release|Any CPU
	EndGlobalSection
	GlobalSection(SolutionProperties) = preSolution
		HideSolutionNode = FALSE
	EndGlobalSection
	GlobalSection(ExtensibilityGlobals) = postSolution
		SolutionGuid = {542E7488-206F-4B42-A2AE-FF9898C1F0D5}
	EndGlobalSection
EndGlobal
